
Microsoft Visual Studio Solution File, Format Version 12.00
# Visual Studio Version 17
VisualStudioVersion = 17.4.33213.308
MinimumVisualStudioVersion = 10.0.40219.1
Project("{FAE04EC0-301F-11D3-BF4B-00C04F79EFBC}") = "CW9Threading", "CW9Threading\CW9Threading.csproj", "{86C3E3C1-7536-482F-A3E1-BC62240DC1BE}"
EndProject
Global
	GlobalSection(SolutionConfigurationPlatforms) = preSolution
		Debug|Any CPU = Debug|Any CPU
		Release|Any CPU = Release|Any CPU
	EndGlobalSection
	GlobalSection(ProjectConfigurationPlatforms) = postSolution
		{86C3E3C1-7536-482F-A3E1-BC62240DC1BE}.Debug|Any CPU.ActiveCfg = Debug|Any CPU
		{86C3E3C1-7536-482F-A3E1-BC62240DC1BE}.Debug|Any CPU.Build.0 = Debug|Any CPU
		{86C3E3C1-7536-482F-A3E1-BC62240DC1BE}.Release|Any CPU.ActiveCfg = Release|Any CPU
		{86C3E3C1-7536-482F-A3E1-BC62240DC1BE}.Release|Any CPU.Build.0 = Release|Any CPU
	EndGlobalSection
	GlobalSection(SolutionProperties) = preSolution
		HideSolutionNode = FALSE
	EndGlobalSection
	GlobalSection(ExtensibilityGlobals) = postSolution
		SolutionGuid = {73517B83-D301-49EE-8E98-948BEA5CD0E8}
	EndGlobalSection
EndGlobal
